
Microsoft Visual Studio Solution File, Format Version 12.00
# Visual Studio Version 17
VisualStudioVersion = 17.9.34728.123
MinimumVisualStudioVersion = 10.0.40219.1
Project("{9A19103F-16F7-4668-BE54-9A1E7A4F7556}") = "blazchat", "blazchat\blazchat.csproj", "{9F446D4D-7884-470C-BE9B-5141B6C48682}"
EndProject
Project("{9A19103F-16F7-4668-BE54-9A1E7A4F7556}") = "blazchat.Client", "blazchat.Client\blazchat.Client.csproj", "{FA950946-B1B5-42A9-9AA4-2051322E071E}"
EndProject
Global
	GlobalSection(SolutionConfigurationPlatforms) = preSolution
		Debug|Any CPU = Debug|Any CPU
		Release|Any CPU = Release|Any CPU
	EndGlobalSection
	GlobalSection(ProjectConfigurationPlatforms) = postSolution
		{9F446D4D-7884-470C-BE9B-5141B6C48682}.Debug|Any CPU.ActiveCfg = Debug|Any CPU
		{9F446D4D-7884-470C-BE9B-5141B6C48682}.Debug|Any CPU.Build.0 = Debug|Any CPU
		{9F446D4D-7884-470C-BE9B-5141B6C48682}.Release|Any CPU.ActiveCfg = Release|Any CPU
		{9F446D4D-7884-470C-BE9B-5141B6C48682}.Release|Any CPU.Build.0 = Release|Any CPU
		{FA950946-B1B5-42A9-9AA4-2051322E071E}.Debug|Any CPU.ActiveCfg = Debug|Any CPU
		{FA950946-B1B5-42A9-9AA4-2051322E071E}.Debug|Any CPU.Build.0 = Debug|Any CPU
		{FA950946-B1B5-42A9-9AA4-2051322E071E}.Release|Any CPU.ActiveCfg = Release|Any CPU
		{FA950946-B1B5-42A9-9AA4-2051322E071E}.Release|Any CPU.Build.0 = Release|Any CPU
	EndGlobalSection
	GlobalSection(SolutionProperties) = preSolution
		HideSolutionNode = FALSE
	EndGlobalSection
	GlobalSection(ExtensibilityGlobals) = postSolution
		SolutionGuid = {A9740567-79FC-4606-871A-896BE3EEDA5D}
	EndGlobalSection
EndGlobal
