
Microsoft Visual Studio Solution File, Format Version 12.00
# Visual Studio Version 17
VisualStudioVersion = 17.9.34728.123
MinimumVisualStudioVersion = 10.0.40219.1
Project("{9A19103F-16F7-4668-BE54-9A1E7A4F7556}") = "blazchat", "..\blazchat\blazchat\blazchat\blazchat.csproj", "{03593545-6311-4777-8E96-F99FC0F780DE}"
EndProject
Project("{9A19103F-16F7-4668-BE54-9A1E7A4F7556}") = "blazchat.Client", "..\blazchat\blazchat\blazchat.Client\blazchat.Client.csproj", "{5C63944D-4442-45C7-BF39-77EE64FEE606}"
EndProject
Global
	GlobalSection(SolutionConfigurationPlatforms) = preSolution
		Debug|Any CPU = Debug|Any CPU
		Release|Any CPU = Release|Any CPU
	EndGlobalSection
	GlobalSection(ProjectConfigurationPlatforms) = postSolution
		{03593545-6311-4777-8E96-F99FC0F780DE}.Debug|Any CPU.ActiveCfg = Debug|Any CPU
		{03593545-6311-4777-8E96-F99FC0F780DE}.Debug|Any CPU.Build.0 = Debug|Any CPU
		{03593545-6311-4777-8E96-F99FC0F780DE}.Release|Any CPU.ActiveCfg = Release|Any CPU
		{03593545-6311-4777-8E96-F99FC0F780DE}.Release|Any CPU.Build.0 = Release|Any CPU
		{5C63944D-4442-45C7-BF39-77EE64FEE606}.Debug|Any CPU.ActiveCfg = Debug|Any CPU
		{5C63944D-4442-45C7-BF39-77EE64FEE606}.Debug|Any CPU.Build.0 = Debug|Any CPU
		{5C63944D-4442-45C7-BF39-77EE64FEE606}.Release|Any CPU.ActiveCfg = Release|Any CPU
		{5C63944D-4442-45C7-BF39-77EE64FEE606}.Release|Any CPU.Build.0 = Release|Any CPU
	EndGlobalSection
	GlobalSection(SolutionProperties) = preSolution
		HideSolutionNode = FALSE
	EndGlobalSection
	GlobalSection(ExtensibilityGlobals) = postSolution
		SolutionGuid = {A9740567-79FC-4606-871A-896BE3EEDA5D}
	EndGlobalSection
EndGlobal
