
Microsoft Visual Studio Solution File, Format Version 12.00
# Visual Studio Version 17
VisualStudioVersion = 17.9.34728.123
MinimumVisualStudioVersion = 10.0.40219.1
Project("{FAE04EC0-301F-11D3-BF4B-00C04F79EFBC}") = "blazchat.Client", "blazchat.Client\blazchat.Client.csproj", "{0349E20A-9140-4861-853D-4E3365604C72}"
EndProject
Project("{FAE04EC0-301F-11D3-BF4B-00C04F79EFBC}") = "blazchat.Domain", "blazchat.Domain\blazchat.Domain.csproj", "{B6F22568-CB01-4BE7-931A-B6E373B50198}"
EndProject
Project("{FAE04EC0-301F-11D3-BF4B-00C04F79EFBC}") = "blazchat.Infra", "blazchat.Infra\blazchat.Infra.csproj", "{445284DE-E06A-48AD-BAE4-58A55D809521}"
EndProject
Project("{FAE04EC0-301F-11D3-BF4B-00C04F79EFBC}") = "blazchat.Application", "blazchat.Application\blazchat.Application.csproj", "{6193D3A4-5721-4897-986C-277FA471FD06}"
EndProject
Project("{FAE04EC0-301F-11D3-BF4B-00C04F79EFBC}") = "blazchat.Server", "blazchat.Server\blazchat.Server.csproj", "{66378C8D-9610-4BBE-9BF8-E2333C119BA3}"
EndProject
Global
	GlobalSection(SolutionConfigurationPlatforms) = preSolution
		Debug|Any CPU = Debug|Any CPU
		Release|Any CPU = Release|Any CPU
	EndGlobalSection
	GlobalSection(ProjectConfigurationPlatforms) = postSolution
		{0349E20A-9140-4861-853D-4E3365604C72}.Debug|Any CPU.ActiveCfg = Debug|Any CPU
		{0349E20A-9140-4861-853D-4E3365604C72}.Debug|Any CPU.Build.0 = Debug|Any CPU
		{0349E20A-9140-4861-853D-4E3365604C72}.Release|Any CPU.ActiveCfg = Release|Any CPU
		{0349E20A-9140-4861-853D-4E3365604C72}.Release|Any CPU.Build.0 = Release|Any CPU
		{B6F22568-CB01-4BE7-931A-B6E373B50198}.Debug|Any CPU.ActiveCfg = Debug|Any CPU
		{B6F22568-CB01-4BE7-931A-B6E373B50198}.Debug|Any CPU.Build.0 = Debug|Any CPU
		{B6F22568-CB01-4BE7-931A-B6E373B50198}.Release|Any CPU.ActiveCfg = Release|Any CPU
		{B6F22568-CB01-4BE7-931A-B6E373B50198}.Release|Any CPU.Build.0 = Release|Any CPU
		{445284DE-E06A-48AD-BAE4-58A55D809521}.Debug|Any CPU.ActiveCfg = Debug|Any CPU
		{445284DE-E06A-48AD-BAE4-58A55D809521}.Debug|Any CPU.Build.0 = Debug|Any CPU
		{445284DE-E06A-48AD-BAE4-58A55D809521}.Release|Any CPU.ActiveCfg = Release|Any CPU
		{445284DE-E06A-48AD-BAE4-58A55D809521}.Release|Any CPU.Build.0 = Release|Any CPU
		{6193D3A4-5721-4897-986C-277FA471FD06}.Debug|Any CPU.ActiveCfg = Debug|Any CPU
		{6193D3A4-5721-4897-986C-277FA471FD06}.Debug|Any CPU.Build.0 = Debug|Any CPU
		{6193D3A4-5721-4897-986C-277FA471FD06}.Release|Any CPU.ActiveCfg = Release|Any CPU
		{6193D3A4-5721-4897-986C-277FA471FD06}.Release|Any CPU.Build.0 = Release|Any CPU
		{66378C8D-9610-4BBE-9BF8-E2333C119BA3}.Debug|Any CPU.ActiveCfg = Debug|Any CPU
		{66378C8D-9610-4BBE-9BF8-E2333C119BA3}.Debug|Any CPU.Build.0 = Debug|Any CPU
		{66378C8D-9610-4BBE-9BF8-E2333C119BA3}.Release|Any CPU.ActiveCfg = Release|Any CPU
		{66378C8D-9610-4BBE-9BF8-E2333C119BA3}.Release|Any CPU.Build.0 = Release|Any CPU
	EndGlobalSection
	GlobalSection(SolutionProperties) = preSolution
		HideSolutionNode = FALSE
	EndGlobalSection
	GlobalSection(ExtensibilityGlobals) = postSolution
		SolutionGuid = {A9740567-79FC-4606-871A-896BE3EEDA5D}
	EndGlobalSection
EndGlobal
